PODS:
  - Capacitor (7.1.0):
    - CapacitorCordova
  - CapacitorCordova (7.1.0)
  - CapacitorLocalNotifications (7.0.1):
    - Capacitor
  - CapacitorPreferences (7.0.1):
    - Capacitor

DEPENDENCIES:
  - "Capacitor (from `../../node_modules/@capacitor/ios`)"
  - "CapacitorCordova (from `../../node_modules/@capacitor/ios`)"
  - "CapacitorLocalNotifications (from `../../node_modules/@capacitor/local-notifications`)"
  - "CapacitorPreferences (from `../../node_modules/@capacitor/preferences`)"

EXTERNAL SOURCES:
  Capacitor:
    :path: "../../node_modules/@capacitor/ios"
  CapacitorCordova:
    :path: "../../node_modules/@capacitor/ios"
  CapacitorLocalNotifications:
    :path: "../../node_modules/@capacitor/local-notifications"
  CapacitorPreferences:
    :path: "../../node_modules/@capacitor/preferences"

SPEC CHECKSUMS:
  Capacitor: bceb785fb78f5e81e4a9e37843bc1c24bd9c7194
  CapacitorCordova: 866217f32c1d25b326c568a10ea3ed0c36b13e29
  CapacitorLocalNotifications: c2212755b33d2513b8bb325096ce3a64d4039ae3
  CapacitorPreferences: 6c98117d4d7508034a4af9db64d6b26fc75d7b94

PODFILE CHECKSUM: e403e09360e414f8b4628b544c63f5b0044a63a3

COCOAPODS: 1.16.2
